
Microsoft Visual Studio Solution File, Format Version 12.00
# Visual Studio Version 17
VisualStudioVersion = 17.5.33502.453
MinimumVisualStudioVersion = 10.0.40219.1
Project("{FAE04EC0-301F-11D3-BF4B-00C04F79EFBC}") = "csharp-biblioteca", "csharp-biblioteca.csproj", "{B7570ACF-2539-40CF-9C96-37A3973EEFCA}"
EndProject
Global
	GlobalSection(SolutionConfigurationPlatforms) = preSolution
		Debug|Any CPU = Debug|Any CPU
		Release|Any CPU = Release|Any CPU
	EndGlobalSection
	GlobalSection(ProjectConfigurationPlatforms) = postSolution
		{B7570ACF-2539-40CF-9C96-37A3973EEFCA}.Debug|Any CPU.ActiveCfg = Debug|Any CPU
		{B7570ACF-2539-40CF-9C96-37A3973EEFCA}.Debug|Any CPU.Build.0 = Debug|Any CPU
		{B7570ACF-2539-40CF-9C96-37A3973EEFCA}.Release|Any CPU.ActiveCfg = Release|Any CPU
		{B7570ACF-2539-40CF-9C96-37A3973EEFCA}.Release|Any CPU.Build.0 = Release|Any CPU
	EndGlobalSection
	GlobalSection(SolutionProperties) = preSolution
		HideSolutionNode = FALSE
	EndGlobalSection
	GlobalSection(ExtensibilityGlobals) = postSolution
		SolutionGuid = {5A58DD79-3869-4EE8-8EF7-C201CAADC86C}
	EndGlobalSection
EndGlobal
